// !$*UTF8*$!
{
	archiveVersion = 1;
	classes = {
	};
	objectVersion = 55;
	objects = {

/* Begin PBXBuildFile section */
		3BB04C7927A5C05F00B2CCCF /* Animating_ButtonStyleApp.swift in Sources */ = {isa = PBXBuildFile; fileRef = 3BB04C7827A5C05F00B2CCCF /* Animating_ButtonStyleApp.swift */; };
		3BB04C7B27A5C05F00B2CCCF /* ContentView.swift in Sources */ = {isa = PBXBuildFile; fileRef = 3BB04C7A27A5C05F00B2CCCF /* ContentView.swift */; };
		3BB04C7D27A5C06100B2CCCF /* Assets.xcassets in Resources */ = {isa = PBXBuildFile; fileRef = 3BB04C7C27A5C06100B2CCCF /* Assets.xcassets */; };
		3BB04C8027A5C06100B2CCCF /* Preview Assets.xcassets in Resources */ = {isa = PBXBuildFile; fileRef = 3BB04C7F27A5C06100B2CCCF /* Preview Assets.xcassets */; };
		3BB04C8A27A5C06100B2CCCF /* Animating_ButtonStyleTests.swift in Sources */ = {isa = PBXBuildFile; fileRef = 3BB04C8927A5C06100B2CCCF /* Animating_ButtonStyleTests.swift */; };
		3BB04C9427A5C06100B2CCCF /* Animating_ButtonStyleUITests.swift in Sources */ = {isa = PBXBuildFile; fileRef = 3BB04C9327A5C06100B2CCCF /* Animating_ButtonStyleUITests.swift */; };
		3BB04C9627A5C06100B2CCCF /* Animating_ButtonStyleUITestsLaunchTests.swift in Sources */ = {isa = PBXBuildFile; fileRef = 3BB04C9527A5C06100B2CCCF /* Animating_ButtonStyleUITestsLaunchTests.swift */; };
/* End PBXBuildFile section */

/* Begin PBXContainerItemProxy section */
		3BB04C8627A5C06100B2CCCF /* PBXContainerItemProxy */ = {
			isa = PBXContainerItemProxy;
			containerPortal = 3BB04C6D27A5C05F00B2CCCF /* Project object */;
			proxyType = 1;
			remoteGlobalIDString = 3BB04C7427A5C05F00B2CCCF;
			remoteInfo = "Animating-ButtonStyle";
		};
		3BB04C9027A5C06100B2CCCF /* PBXContainerItemProxy */ = {
			isa = PBXContainerItemProxy;
			containerPortal = 3BB04C6D27A5C05F00B2CCCF /* Project object */;
			proxyType = 1;
			remoteGlobalIDString = 3BB04C7427A5C05F00B2CCCF;
			remoteInfo = "Animating-ButtonStyle";
		};
/* End PBXContainerItemProxy section */

/* Begin PBXFileReference section */
		3BB04C7527A5C05F00B2CCCF /* Animating-ButtonStyle.app */ = {isa = PBXFileReference; explicitFileType = wrapper.application; includeInIndex = 0; path = "Animating-ButtonStyle.app"; sourceTree = BUILT_PRODUCTS_DIR; };
		3BB04C7827A5C05F00B2CCCF /* Animating_ButtonStyleApp.swift */ = {isa = PBXFileReference; lastKnownFileType = sourcecode.swift; path = Animating_ButtonStyleApp.swift; sourceTree = "<group>"; };
		3BB04C7A27A5C05F00B2CCCF /* ContentView.swift */ = {isa = PBXFileReference; lastKnownFileType = sourcecode.swift; path = ContentView.swift; sourceTree = "<group>"; };
		3BB04C7C27A5C06100B2CCCF /* Assets.xcassets */ = {isa = PBXFileReference; lastKnownFileType = folder.assetcatalog; path = Assets.xcassets; sourceTree = "<group>"; };
		3BB04C7F27A5C06100B2CCCF /* Preview Assets.xcassets */ = {isa = PBXFileReference; lastKnownFileType = folder.assetcatalog; path = "Preview Assets.xcassets"; sourceTree = "<group>"; };
		3BB04C8527A5C06100B2CCCF /* Animating-ButtonStyleTests.xctest */ = {isa = PBXFileReference; explicitFileType = wrapper.cfbundle; includeInIndex = 0; path = "Animating-ButtonStyleTests.xctest"; sourceTree = BUILT_PRODUCTS_DIR; };
		3BB04C8927A5C06100B2CCCF /* Animating_ButtonStyleTests.swift */ = {isa = PBXFileReference; lastKnownFileType = sourcecode.swift; path = Animating_ButtonStyleTests.swift; sourceTree = "<group>"; };
		3BB04C8F27A5C06100B2CCCF /* Animating-ButtonStyleUITests.xctest */ = {isa = PBXFileReference; explicitFileType = wrapper.cfbundle; includeInIndex = 0; path = "Animating-ButtonStyleUITests.xctest"; sourceTree = BUILT_PRODUCTS_DIR; };
		3BB04C9327A5C06100B2CCCF /* Animating_ButtonStyleUITests.swift */ = {isa = PBXFileReference; lastKnownFileType = sourcecode.swift; path = Animating_ButtonStyleUITests.swift; sourceTree = "<group>"; };
		3BB04C9527A5C06100B2CCCF /* Animating_ButtonStyleUITestsLaunchTests.swift */ = {isa = PBXFileReference; lastKnownFileType = sourcecode.swift; path = Animating_ButtonStyleUITestsLaunchTests.swift; sourceTree = "<group>"; };
/* End PBXFileReference section */

/* Begin PBXFrameworksBuildPhase section */
		3BB04C7227A5C05F00B2CCCF /* Frameworks */ = {
			isa = PBXFrameworksBuildPhase;
			buildActionMask = 2147483647;
			files = (
			);
			runOnlyForDeploymentPostprocessing = 0;
		};
		3BB04C8227A5C06100B2CCCF /* Frameworks */ = {
			isa = PBXFrameworksBuildPhase;
			buildActionMask = 2147483647;
			files = (
			);
			runOnlyForDeploymentPostprocessing = 0;
		};
		3BB04C8C27A5C06100B2CCCF /* Frameworks */ = {
			isa = PBXFrameworksBuildPhase;
			buildActionMask = 2147483647;
			files = (
			);
			runOnlyForDeploymentPostprocessing = 0;
		};
/* End PBXFrameworksBuildPhase section */

/* Begin PBXGroup section */
		3BB04C6C27A5C05F00B2CCCF = {
			isa = PBXGroup;
			children = (
				3BB04C7727A5C05F00B2CCCF /* Animating-ButtonStyle */,
				3BB04C8827A5C06100B2CCCF /* Animating-ButtonStyleTests */,
				3BB04C9227A5C06100B2CCCF /* Animating-ButtonStyleUITests */,
				3BB04C7627A5C05F00B2CCCF /* Products */,
			);
			sourceTree = "<group>";
		};
		3BB04C7627A5C05F00B2CCCF /* Products */ = {
			isa = PBXGroup;
			children = (
				3BB04C7527A5C05F00B2CCCF /* Animating-ButtonStyle.app */,
				3BB04C8527A5C06100B2CCCF /* Animating-ButtonStyleTests.xctest */,
				3BB04C8F27A5C06100B2CCCF /* Animating-ButtonStyleUITests.xctest */,
			);
			name = Products;
			sourceTree = "<group>";
		};
		3BB04C7727A5C05F00B2CCCF /* Animating-ButtonStyle */ = {
			isa = PBXGroup;
			children = (
				3BB04C7827A5C05F00B2CCCF /* Animating_ButtonStyleApp.swift */,
				3BB04C7A27A5C05F00B2CCCF /* ContentView.swift */,
				3BB04C7C27A5C06100B2CCCF /* Assets.xcassets */,
				3BB04C7E27A5C06100B2CCCF /* Preview Content */,
			);
			path = "Animating-ButtonStyle";
			sourceTree = "<group>";
		};
		3BB04C7E27A5C06100B2CCCF /* Preview Content */ = {
			isa = PBXGroup;
			children = (
				3BB04C7F27A5C06100B2CCCF /* Preview Assets.xcassets */,
			);
			path = "Preview Content";
			sourceTree = "<group>";
		};
		3BB04C8827A5C06100B2CCCF /* Animating-ButtonStyleTests */ = {
			isa = PBXGroup;
			children = (
				3BB04C8927A5C06100B2CCCF /* Animating_ButtonStyleTests.swift */,
			);
			path = "Animating-ButtonStyleTests";
			sourceTree = "<group>";
		};
		3BB04C9227A5C06100B2CCCF /* Animating-ButtonStyleUITests */ = {
			isa = PBXGroup;
			children = (
				3BB04C9327A5C06100B2CCCF /* Animating_ButtonStyleUITests.swift */,
				3BB04C9527A5C06100B2CCCF /* Animating_ButtonStyleUITestsLaunchTests.swift */,
			);
			path = "Animating-ButtonStyleUITests";
			sourceTree = "<group>";
		};
/* End PBXGroup section */

/* Begin PBXNativeTarget section */
		3BB04C7427A5C05F00B2CCCF /* Animating-ButtonStyle */ = {
			isa = PBXNativeTarget;
			buildConfigurationList = 3BB04C9927A5C06100B2CCCF /* Build configuration list for PBXNativeTarget "Animating-ButtonStyle" */;
			buildPhases = (
				3BB04C7127A5C05F00B2CCCF /* Sources */,
				3BB04C7227A5C05F00B2CCCF /* Frameworks */,
				3BB04C7327A5C05F00B2CCCF /* Resources */,
			);
			buildRules = (
			);
			dependencies = (
			);
			name = "Animating-ButtonStyle";
			productName = "Animating-ButtonStyle";
			productReference = 3BB04C7527A5C05F00B2CCCF /* Animating-ButtonStyle.app */;
			productType = "com.apple.product-type.application";
		};
		3BB04C8427A5C06100B2CCCF /* Animating-ButtonStyleTests */ = {
			isa = PBXNativeTarget;
			buildConfigurationList = 3BB04C9C27A5C06100B2CCCF /* Build configuration list for PBXNativeTarget "Animating-ButtonStyleTests" */;
			buildPhases = (
				3BB04C8127A5C06100B2CCCF /* Sources */,
				3BB04C8227A5C06100B2CCCF /* Frameworks */,
				3BB04C8327A5C06100B2CCCF /* Resources */,
			);
			buildRules = (
			);
			dependencies = (
				3BB04C8727A5C06100B2CCCF /* PBXTargetDependency */,
			);
			name = "Animating-ButtonStyleTests";
			productName = "Animating-ButtonStyleTests";
			productReference = 3BB04C8527A5C06100B2CCCF /* Animating-ButtonStyleTests.xctest */;
			productType = "com.apple.product-type.bundle.unit-test";
		};
		3BB04C8E27A5C06100B2CCCF /* Animating-ButtonStyleUITests */ = {
			isa = PBXNativeTarget;
			buildConfigurationList = 3BB04C9F27A5C06100B2CCCF /* Build configuration list for PBXNativeTarget "Animating-ButtonStyleUITests" */;
			buildPhases = (
				3BB04C8B27A5C06100B2CCCF /* Sources */,
				3BB04C8C27A5C06100B2CCCF /* Frameworks */,
				3BB04C8D27A5C06100B2CCCF /* Resources */,
			);
			buildRules = (
			);
			dependencies = (
				3BB04C9127A5C06100B2CCCF /* PBXTargetDependency */,
			);
			name = "Animating-ButtonStyleUITests";
			productName = "Animating-ButtonStyleUITests";
			productReference = 3BB04C8F27A5C06100B2CCCF /* Animating-ButtonStyleUITests.xctest */;
			productType = "com.apple.product-type.bundle.ui-testing";
		};
/* End PBXNativeTarget section */

/* Begin PBXProject section */
		3BB04C6D27A5C05F00B2CCCF /* Project object */ = {
			isa = PBXProject;
			attributes = {
				BuildIndependentTargetsInParallel = 1;
				LastSwiftUpdateCheck = 1320;
				LastUpgradeCheck = 1320;
				TargetAttributes = {
					3BB04C7427A5C05F00B2CCCF = {
						CreatedOnToolsVersion = 13.2.1;
					};
					3BB04C8427A5C06100B2CCCF = {
						CreatedOnToolsVersion = 13.2.1;
						TestTargetID = 3BB04C7427A5C05F00B2CCCF;
					};
					3BB04C8E27A5C06100B2CCCF = {
						CreatedOnToolsVersion = 13.2.1;
						TestTargetID = 3BB04C7427A5C05F00B2CCCF;
					};
				};
			};
			buildConfigurationList = 3BB04C7027A5C05F00B2CCCF /* Build configuration list for PBXProject "Animating-ButtonStyle" */;
			compatibilityVersion = "Xcode 13.0";
			developmentRegion = en;
			hasScannedForEncodings = 0;
			knownRegions = (
				en,
				Base,
			);
			mainGroup = 3BB04C6C27A5C05F00B2CCCF;
			productRefGroup = 3BB04C7627A5C05F00B2CCCF /* Products */;
			projectDirPath = "";
			projectRoot = "";
			targets = (
				3BB04C7427A5C05F00B2CCCF /* Animating-ButtonStyle */,
				3BB04C8427A5C06100B2CCCF /* Animating-ButtonStyleTests */,
				3BB04C8E27A5C06100B2CCCF /* Animating-ButtonStyleUITests */,
			);
		};
/* End PBXProject section */

/* Begin PBXResourcesBuildPhase section */
		3BB04C7327A5C05F00B2CCCF /* Resources */ = {
			isa = PBXResourcesBuildPhase;
			buildActionMask = 2147483647;
			files = (
				3BB04C8027A5C06100B2CCCF /* Preview Assets.xcassets in Resources */,
				3BB04C7D27A5C06100B2CCCF /* Assets.xcassets in Resources */,
			);
			runOnlyForDeploymentPostprocessing = 0;
		};
		3BB04C8327A5C06100B2CCCF /* Resources */ = {
			isa = PBXResourcesBuildPhase;
			buildActionMask = 2147483647;
			files = (
			);
			runOnlyForDeploymentPostprocessing = 0;
		};
		3BB04C8D27A5C06100B2CCCF /* Resources */ = {
			isa = PBXResourcesBuildPhase;
			buildActionMask = 2147483647;
			files = (
			);
			runOnlyForDeploymentPostprocessing = 0;
		};
/* End PBXResourcesBuildPhase section */

/* Begin PBXSourcesBuildPhase section */
		3BB04C7127A5C05F00B2CCCF /* Sources */ = {
			isa = PBXSourcesBuildPhase;
			buildActionMask = 2147483647;
			files = (
				3BB04C7B27A5C05F00B2CCCF /* ContentView.swift in Sources */,
				3BB04C7927A5C05F00B2CCCF /* Animating_ButtonStyleApp.swift in Sources */,
			);
			runOnlyForDeploymentPostprocessing = 0;
		};
		3BB04C8127A5C06100B2CCCF /* Sources */ = {
			isa = PBXSourcesBuildPhase;
			buildActionMask = 2147483647;
			files = (
				3BB04C8A27A5C06100B2CCCF /* Animating_ButtonStyleTests.swift in Sources */,
			);
			runOnlyForDeploymentPostprocessing = 0;
		};
		3BB04C8B27A5C06100B2CCCF /* Sources */ = {
			isa = PBXSourcesBuildPhase;
			buildActionMask = 2147483647;
			files = (
				3BB04C9427A5C06100B2CCCF /* Animating_ButtonStyleUITests.swift in Sources */,
				3BB04C9627A5C06100B2CCCF /* Animating_ButtonStyleUITestsLaunchTests.swift in Sources */,
			);
			runOnlyForDeploymentPostprocessing = 0;
		};
/* End PBXSourcesBuildPhase section */

/* Begin PBXTargetDependency section */
		3BB04C8727A5C06100B2CCCF /* PBXTargetDependency */ = {
			isa = PBXTargetDependency;
			target = 3BB04C7427A5C05F00B2CCCF /* Animating-ButtonStyle */;
			targetProxy = 3BB04C8627A5C06100B2CCCF /* PBXContainerItemProxy */;
		};
		3BB04C9127A5C06100B2CCCF /* PBXTargetDependency */ = {
			isa = PBXTargetDependency;
			target = 3BB04C7427A5C05F00B2CCCF /* Animating-ButtonStyle */;
			targetProxy = 3BB04C9027A5C06100B2CCCF /* PBXContainerItemProxy */;
		};
/* End PBXTargetDependency section */

/* Begin XCBuildConfiguration section */
		3BB04C9727A5C06100B2CCCF /* Debug */ = {
			isa = XCBuildConfiguration;
			buildSettings = {
				ALWAYS_SEARCH_USER_PATHS = NO;
				CLANG_ANALYZER_NONNULL = YES;
				CLANG_ANALYZER_NUMBER_OBJECT_CONVERSION = YES_AGGRESSIVE;
				CLANG_CXX_LANGUAGE_STANDARD = "gnu++17";
				CLANG_CXX_LIBRARY = "libc++";
				CLANG_ENABLE_MODULES = YES;
				CLANG_ENABLE_OBJC_ARC = YES;
				CLANG_ENABLE_OBJC_WEAK = YES;
				CLANG_WARN_BLOCK_CAPTURE_AUTORELEASING = YES;
				CLANG_WARN_BOOL_CONVERSION = YES;
				CLANG_WARN_COMMA = YES;
				CLANG_WARN_CONSTANT_CONVERSION = YES;
				CLANG_WARN_DEPRECATED_OBJC_IMPLEMENTATIONS = YES;
				CLANG_WARN_DIRECT_OBJC_ISA_USAGE = YES_ERROR;
				CLANG_WARN_DOCUMENTATION_COMMENTS = YES;
				CLANG_WARN_EMPTY_BODY = YES;
				CLANG_WARN_ENUM_CONVERSION = YES;
				CLANG_WARN_INFINITE_RECURSION = YES;
				CLANG_WARN_INT_CONVERSION = YES;
				CLANG_WARN_NON_LITERAL_NULL_CONVERSION = YES;
				CLANG_WARN_OBJC_IMPLICIT_RETAIN_SELF = YES;
				CLANG_WARN_OBJC_LITERAL_CONVERSION = YES;
				CLANG_WARN_OBJC_ROOT_CLASS = YES_ERROR;
				CLANG_WARN_QUOTED_INCLUDE_IN_FRAMEWORK_HEADER = YES;
				CLANG_WARN_RANGE_LOOP_ANALYSIS = YES;
				CLANG_WARN_STRICT_PROTOTYPES = YES;
				CLANG_WARN_SUSPICIOUS_MOVE = YES;
				CLANG_WARN_UNGUARDED_AVAILABILITY = YES_AGGRESSIVE;
				CLANG_WARN_UNREACHABLE_CODE = YES;
				CLANG_WARN__DUPLICATE_METHOD_MATCH = YES;
				COPY_PHASE_STRIP = NO;
				DEBUG_INFORMATION_FORMAT = dwarf;
				ENABLE_STRICT_OBJC_MSGSEND = YES;
				ENABLE_TESTABILITY = YES;
				GCC_C_LANGUAGE_STANDARD = gnu11;
				GCC_DYNAMIC_NO_PIC = NO;
				GCC_NO_COMMON_BLOCKS = YES;
				GCC_OPTIMIZATION_LEVEL = 0;
				GCC_PREPROCESSOR_DEFINITIONS = (
					"DEBUG=1",
					"$(inherited)",
				);
				GCC_WARN_64_TO_32_BIT_CONVERSION = YES;
				GCC_WARN_ABOUT_RETURN_TYPE = YES_ERROR;
				GCC_WARN_UNDECLARED_SELECTOR = YES;
				GCC_WARN_UNINITIALIZED_AUTOS = YES_AGGRESSIVE;
				GCC_WARN_UNUSED_FUNCTION = YES;
				GCC_WARN_UNUSED_VARIABLE = YES;
				IPHONEOS_DEPLOYMENT_TARGET = 15.2;
				MTL_ENABLE_DEBUG_INFO = INCLUDE_SOURCE;
				MTL_FAST_MATH = YES;
				ONLY_ACTIVE_ARCH = YES;
				SDKROOT = iphoneos;
				SWIFT_ACTIVE_COMPILATION_CONDITIONS = DEBUG;
				SWIFT_OPTIMIZATION_LEVEL = "-Onone";
			};
			name = Debug;
		};
		3BB04C9827A5C06100B2CCCF /* Release */ = {
			isa = XCBuildConfiguration;
			buildSettings = {
				ALWAYS_SEARCH_USER_PATHS = NO;
				CLANG_ANALYZER_NONNULL = YES;
				CLANG_ANALYZER_NUMBER_OBJECT_CONVERSION = YES_AGGRESSIVE;
				CLANG_CXX_LANGUAGE_STANDARD = "gnu++17";
				CLANG_CXX_LIBRARY = "libc++";
				CLANG_ENABLE_MODULES = YES;
				CLANG_ENABLE_OBJC_ARC = YES;
				CLANG_ENABLE_OBJC_WEAK = YES;
				CLANG_WARN_BLOCK_CAPTURE_AUTORELEASING = YES;
				CLANG_WARN_BOOL_CONVERSION = YES;
				CLANG_WARN_COMMA = YES;
				CLANG_WARN_CONSTANT_CONVERSION = YES;
				CLANG_WARN_DEPRECATED_OBJC_IMPLEMENTATIONS = YES;
				CLANG_WARN_DIRECT_OBJC_ISA_USAGE = YES_ERROR;
				CLANG_WARN_DOCUMENTATION_COMMENTS = YES;
				CLANG_WARN_EMPTY_BODY = YES;
				CLANG_WARN_ENUM_CONVERSION = YES;
				CLANG_WARN_INFINITE_RECURSION = YES;
				CLANG_WARN_INT_CONVERSION = YES;
				CLANG_WARN_NON_LITERAL_NULL_CONVERSION = YES;
				CLANG_WARN_OBJC_IMPLICIT_RETAIN_SELF = YES;
				CLANG_WARN_OBJC_LITERAL_CONVERSION = YES;
				CLANG_WARN_OBJC_ROOT_CLASS = YES_ERROR;
				CLANG_WARN_QUOTED_INCLUDE_IN_FRAMEWORK_HEADER = YES;
				CLANG_WARN_RANGE_LOOP_ANALYSIS = YES;
				CLANG_WARN_STRICT_PROTOTYPES = YES;
				CLANG_WARN_SUSPICIOUS_MOVE = YES;
				CLANG_WARN_UNGUARDED_AVAILABILITY = YES_AGGRESSIVE;
				CLANG_WARN_UNREACHABLE_CODE = YES;
				CLANG_WARN__DUPLICATE_METHOD_MATCH = YES;
				COPY_PHASE_STRIP = NO;
				DEBUG_INFORMATION_FORMAT = "dwarf-with-dsym";
				ENABLE_NS_ASSERTIONS = NO;
				ENABLE_STRICT_OBJC_MSGSEND = YES;
				GCC_C_LANGUAGE_STANDARD = gnu11;
				GCC_NO_COMMON_BLOCKS = YES;
				GCC_WARN_64_TO_32_BIT_CONVERSION = YES;
				GCC_WARN_ABOUT_RETURN_TYPE = YES_ERROR;
				GCC_WARN_UNDECLARED_SELECTOR = YES;
				GCC_WARN_UNINITIALIZED_AUTOS = YES_AGGRESSIVE;
				GCC_WARN_UNUSED_FUNCTION = YES;
				GCC_WARN_UNUSED_VARIABLE = YES;
				IPHONEOS_DEPLOYMENT_TARGET = 15.2;
				MTL_ENABLE_DEBUG_INFO = NO;
				MTL_FAST_MATH = YES;
				SDKROOT = iphoneos;
				SWIFT_COMPILATION_MODE = wholemodule;
				SWIFT_OPTIMIZATION_LEVEL = "-O";
				VALIDATE_PRODUCT = YES;
			};
			name = Release;
		};
		3BB04C9A27A5C06100B2CCCF /* Debug */ = {
			isa = XCBuildConfiguration;
			buildSettings = {
				ASSETCATALOG_COMPILER_APPICON_NAME = AppIcon;
				ASSETCATALOG_COMPILER_GLOBAL_ACCENT_COLOR_NAME = AccentColor;
				CODE_SIGN_STYLE = Automatic;
				CURRENT_PROJECT_VERSION = 1;
				DEVELOPMENT_ASSET_PATHS = "\"Animating-ButtonStyle/Preview Content\"";
				DEVELOPMENT_TEAM = 3S9YUH3JW6;
				ENABLE_PREVIEWS = YES;
				GENERATE_INFOPLIST_FILE = YES;
				INFOPLIST_KEY_UIApplicationSceneManifest_Generation = YES;
				INFOPLIST_KEY_UIApplicationSupportsIndirectInputEvents = YES;
				INFOPLIST_KEY_UILaunchScreen_Generation = YES;
				INFOPLIST_KEY_UISupportedInterfaceOrientations_iPad = "UIInterfaceOrientationPortrait UIInterfaceOrientationPortraitUpsideDown UIInterfaceOrientationLandscapeLeft UIInterfaceOrientationLandscapeRight";
				INFOPLIST_KEY_UISupportedInterfaceOrientations_iPhone = "UIInterfaceOrientationPortrait UIInterfaceOrientationLandscapeLeft UIInterfaceOrientationLandscapeRight";
				LD_RUNPATH_SEARCH_PATHS = (
					"$(inherited)",
					"@executable_path/Frameworks",
				);
				MARKETING_VERSION = 1.0;
				PRODUCT_BUNDLE_IDENTIFIER = "com.Esperdyne.Animating-ButtonStyle";
				PRODUCT_NAME = "$(TARGET_NAME)";
				SWIFT_EMIT_LOC_STRINGS = YES;
				SWIFT_VERSION = 5.0;
				TARGETED_DEVICE_FAMILY = "1,2";
			};
			name = Debug;
		};
		3BB04C9B27A5C06100B2CCCF /* Release */ = {
			isa = XCBuildConfiguration;
			buildSettings = {
				ASSETCATALOG_COMPILER_APPICON_NAME = AppIcon;
				ASSETCATALOG_COMPILER_GLOBAL_ACCENT_COLOR_NAME = AccentColor;
				CODE_SIGN_STYLE = Automatic;
				CURRENT_PROJECT_VERSION = 1;
				DEVELOPMENT_ASSET_PATHS = "\"Animating-ButtonStyle/Preview Content\"";
				DEVELOPMENT_TEAM = 3S9YUH3JW6;
				ENABLE_PREVIEWS = YES;
				GENERATE_INFOPLIST_FILE = YES;
				INFOPLIST_KEY_UIApplicationSceneManifest_Generation = YES;
				INFOPLIST_KEY_UIApplicationSupportsIndirectInputEvents = YES;
				INFOPLIST_KEY_UILaunchScreen_Generation = YES;
				INFOPLIST_KEY_UISupportedInterfaceOrientations_iPad = "UIInterfaceOrientationPortrait UIInterfaceOrientationPortraitUpsideDown UIInterfaceOrientationLandscapeLeft UIInterfaceOrientationLandscapeRight";
				INFOPLIST_KEY_UISupportedInterfaceOrientations_iPhone = "UIInterfaceOrientationPortrait UIInterfaceOrientationLandscapeLeft UIInterfaceOrientationLandscapeRight";
				LD_RUNPATH_SEARCH_PATHS = (
					"$(inherited)",
					"@executable_path/Frameworks",
				);
				MARKETING_VERSION = 1.0;
				PRODUCT_BUNDLE_IDENTIFIER = "com.Esperdyne.Animating-ButtonStyle";
				PRODUCT_NAME = "$(TARGET_NAME)";
				SWIFT_EMIT_LOC_STRINGS = YES;
				SWIFT_VERSION = 5.0;
				TARGETED_DEVICE_FAMILY = "1,2";
			};
			name = Release;
		};
		3BB04C9D27A5C06100B2CCCF /* Debug */ = {
			isa = XCBuildConfiguration;
			buildSettings = {
				ALWAYS_EMBED_SWIFT_STANDARD_LIBRARIES = YES;
				BUNDLE_LOADER = "$(TEST_HOST)";
				CODE_SIGN_STYLE = Automatic;
				CURRENT_PROJECT_VERSION = 1;
				DEVELOPMENT_TEAM = 3S9YUH3JW6;
				GENERATE_INFOPLIST_FILE = YES;
				IPHONEOS_DEPLOYMENT_TARGET = 15.2;
				MARKETING_VERSION = 1.0;
				PRODUCT_BUNDLE_IDENTIFIER = "com.Esperdyne.Animating-ButtonStyleTests";
				PRODUCT_NAME = "$(TARGET_NAME)";
				SWIFT_EMIT_LOC_STRINGS = NO;
				SWIFT_VERSION = 5.0;
				TARGETED_DEVICE_FAMILY = "1,2";
				TEST_HOST = "$(BUILT_PRODUCTS_DIR)/Animating-ButtonStyle.app/Animating-ButtonStyle";
			};
			name = Debug;
		};
		3BB04C9E27A5C06100B2CCCF /* Release */ = {
			isa = XCBuildConfiguration;
			buildSettings = {
				ALWAYS_EMBED_SWIFT_STANDARD_LIBRARIES = YES;
				BUNDLE_LOADER = "$(TEST_HOST)";
				CODE_SIGN_STYLE = Automatic;
				CURRENT_PROJECT_VERSION = 1;
				DEVELOPMENT_TEAM = 3S9YUH3JW6;
				GENERATE_INFOPLIST_FILE = YES;
				IPHONEOS_DEPLOYMENT_TARGET = 15.2;
				MARKETING_VERSION = 1.0;
				PRODUCT_BUNDLE_IDENTIFIER = "com.Esperdyne.Animating-ButtonStyleTests";
				PRODUCT_NAME = "$(TARGET_NAME)";
				SWIFT_EMIT_LOC_STRINGS = NO;
				SWIFT_VERSION = 5.0;
				TARGETED_DEVICE_FAMILY = "1,2";
				TEST_HOST = "$(BUILT_PRODUCTS_DIR)/Animating-ButtonStyle.app/Animating-ButtonStyle";
			};
			name = Release;
		};
		3BB04CA027A5C06100B2CCCF /* Debug */ = {
			isa = XCBuildConfiguration;
			buildSettings = {
				ALWAYS_EMBED_SWIFT_STANDARD_LIBRARIES = YES;
				CODE_SIGN_STYLE = Automatic;
				CURRENT_PROJECT_VERSION = 1;
				DEVELOPMENT_TEAM = 3S9YUH3JW6;
				GENERATE_INFOPLIST_FILE = YES;
				MARKETING_VERSION = 1.0;
				PRODUCT_BUNDLE_IDENTIFIER = "com.Esperdyne.Animating-ButtonStyleUITests";
				PRODUCT_NAME = "$(TARGET_NAME)";
				SWIFT_EMIT_LOC_STRINGS = NO;
				SWIFT_VERSION = 5.0;
				TARGETED_DEVICE_FAMILY = "1,2";
				TEST_TARGET_NAME = "Animating-ButtonStyle";
			};
			name = Debug;
		};
		3BB04CA127A5C06100B2CCCF /* Release */ = {
			isa = XCBuildConfiguration;
			buildSettings = {
				ALWAYS_EMBED_SWIFT_STANDARD_LIBRARIES = YES;
				CODE_SIGN_STYLE = Automatic;
				CURRENT_PROJECT_VERSION = 1;
				DEVELOPMENT_TEAM = 3S9YUH3JW6;
				GENERATE_INFOPLIST_FILE = YES;
				MARKETING_VERSION = 1.0;
				PRODUCT_BUNDLE_IDENTIFIER = "com.Esperdyne.Animating-ButtonStyleUITests";
				PRODUCT_NAME = "$(TARGET_NAME)";
				SWIFT_EMIT_LOC_STRINGS = NO;
				SWIFT_VERSION = 5.0;
				TARGETED_DEVICE_FAMILY = "1,2";
				TEST_TARGET_NAME = "Animating-ButtonStyle";
			};
			name = Release;
		};
/* End XCBuildConfiguration section */

/* Begin XCConfigurationList section */
		3BB04C7027A5C05F00B2CCCF /* Build configuration list for PBXProject "Animating-ButtonStyle" */ = {
			isa = XCConfigurationList;
			buildConfigurations = (
				3BB04C9727A5C06100B2CCCF /* Debug */,
				3BB04C9827A5C06100B2CCCF /* Release */,
			);
			defaultConfigurationIsVisible = 0;
			defaultConfigurationName = Release;
		};
		3BB04C9927A5C06100B2CCCF /* Build configuration list for PBXNativeTarget "Animating-ButtonStyle" */ = {
			isa = XCConfigurationList;
			buildConfigurations = (
				3BB04C9A27A5C06100B2CCCF /* Debug */,
				3BB04C9B27A5C06100B2CCCF /* Release */,
			);
			defaultConfigurationIsVisible = 0;
			defaultConfigurationName = Release;
		};
		3BB04C9C27A5C06100B2CCCF /* Build configuration list for PBXNativeTarget "Animating-ButtonStyleTests" */ = {
			isa = XCConfigurationList;
			buildConfigurations = (
				3BB04C9D27A5C06100B2CCCF /* Debug */,
				3BB04C9E27A5C06100B2CCCF /* Release */,
			);
			defaultConfigurationIsVisible = 0;
			defaultConfigurationName = Release;
		};
		3BB04C9F27A5C06100B2CCCF /* Build configuration list for PBXNativeTarget "Animating-ButtonStyleUITests" */ = {
			isa = XCConfigurationList;
			buildConfigurations = (
				3BB04CA027A5C06100B2CCCF /* Debug */,
				3BB04CA127A5C06100B2CCCF /* Release */,
			);
			defaultConfigurationIsVisible = 0;
			defaultConfigurationName = Release;
		};
/* End XCConfigurationList section */
	};
	rootObject = 3BB04C6D27A5C05F00B2CCCF /* Project object */;
}
