// !$*UTF8*$!
{
	archiveVersion = 1;
	classes = {
	};
	objectVersion = 55;
	objects = {

/* Begin PBXBuildFile section */
		3BB04CAF27A5DC3200B2CCCF /* Advanced_ButtonStyleApp.swift in Sources */ = {isa = PBXBuildFile; fileRef = 3BB04CAE27A5DC3200B2CCCF /* Advanced_ButtonStyleApp.swift */; };
		3BB04CB127A5DC3200B2CCCF /* ContentView.swift in Sources */ = {isa = PBXBuildFile; fileRef = 3BB04CB027A5DC3200B2CCCF /* ContentView.swift */; };
		3BB04CB327A5DC3200B2CCCF /* Assets.xcassets in Resources */ = {isa = PBXBuildFile; fileRef = 3BB04CB227A5DC3200B2CCCF /* Assets.xcassets */; };
		3BB04CB627A5DC3200B2CCCF /* Preview Assets.xcassets in Resources */ = {isa = PBXBuildFile; fileRef = 3BB04CB527A5DC3200B2CCCF /* Preview Assets.xcassets */; };
		3BB04CC027A5DC3300B2CCCF /* Advanced_ButtonStyleTests.swift in Sources */ = {isa = PBXBuildFile; fileRef = 3BB04CBF27A5DC3300B2CCCF /* Advanced_ButtonStyleTests.swift */; };
		3BB04CCA27A5DC3300B2CCCF /* Advanced_ButtonStyleUITests.swift in Sources */ = {isa = PBXBuildFile; fileRef = 3BB04CC927A5DC3300B2CCCF /* Advanced_ButtonStyleUITests.swift */; };
		3BB04CCC27A5DC3300B2CCCF /* Advanced_ButtonStyleUITestsLaunchTests.swift in Sources */ = {isa = PBXBuildFile; fileRef = 3BB04CCB27A5DC3300B2CCCF /* Advanced_ButtonStyleUITestsLaunchTests.swift */; };
/* End PBXBuildFile section */

/* Begin PBXContainerItemProxy section */
		3BB04CBC27A5DC3300B2CCCF /* PBXContainerItemProxy */ = {
			isa = PBXContainerItemProxy;
			containerPortal = 3BB04CA327A5DC3200B2CCCF /* Project object */;
			proxyType = 1;
			remoteGlobalIDString = 3BB04CAA27A5DC3200B2CCCF;
			remoteInfo = "Advanced-ButtonStyle";
		};
		3BB04CC627A5DC3300B2CCCF /* PBXContainerItemProxy */ = {
			isa = PBXContainerItemProxy;
			containerPortal = 3BB04CA327A5DC3200B2CCCF /* Project object */;
			proxyType = 1;
			remoteGlobalIDString = 3BB04CAA27A5DC3200B2CCCF;
			remoteInfo = "Advanced-ButtonStyle";
		};
/* End PBXContainerItemProxy section */

/* Begin PBXFileReference section */
		3BB04CAB27A5DC3200B2CCCF /* Advanced-ButtonStyle.app */ = {isa = PBXFileReference; explicitFileType = wrapper.application; includeInIndex = 0; path = "Advanced-ButtonStyle.app"; sourceTree = BUILT_PRODUCTS_DIR; };
		3BB04CAE27A5DC3200B2CCCF /* Advanced_ButtonStyleApp.swift */ = {isa = PBXFileReference; lastKnownFileType = sourcecode.swift; path = Advanced_ButtonStyleApp.swift; sourceTree = "<group>"; };
		3BB04CB027A5DC3200B2CCCF /* ContentView.swift */ = {isa = PBXFileReference; lastKnownFileType = sourcecode.swift; path = ContentView.swift; sourceTree = "<group>"; };
		3BB04CB227A5DC3200B2CCCF /* Assets.xcassets */ = {isa = PBXFileReference; lastKnownFileType = folder.assetcatalog; path = Assets.xcassets; sourceTree = "<group>"; };
		3BB04CB527A5DC3200B2CCCF /* Preview Assets.xcassets */ = {isa = PBXFileReference; lastKnownFileType = folder.assetcatalog; path = "Preview Assets.xcassets"; sourceTree = "<group>"; };
		3BB04CBB27A5DC3300B2CCCF /* Advanced-ButtonStyleTests.xctest */ = {isa = PBXFileReference; explicitFileType = wrapper.cfbundle; includeInIndex = 0; path = "Advanced-ButtonStyleTests.xctest"; sourceTree = BUILT_PRODUCTS_DIR; };
		3BB04CBF27A5DC3300B2CCCF /* Advanced_ButtonStyleTests.swift */ = {isa = PBXFileReference; lastKnownFileType = sourcecode.swift; path = Advanced_ButtonStyleTests.swift; sourceTree = "<group>"; };
		3BB04CC527A5DC3300B2CCCF /* Advanced-ButtonStyleUITests.xctest */ = {isa = PBXFileReference; explicitFileType = wrapper.cfbundle; includeInIndex = 0; path = "Advanced-ButtonStyleUITests.xctest"; sourceTree = BUILT_PRODUCTS_DIR; };
		3BB04CC927A5DC3300B2CCCF /* Advanced_ButtonStyleUITests.swift */ = {isa = PBXFileReference; lastKnownFileType = sourcecode.swift; path = Advanced_ButtonStyleUITests.swift; sourceTree = "<group>"; };
		3BB04CCB27A5DC3300B2CCCF /* Advanced_ButtonStyleUITestsLaunchTests.swift */ = {isa = PBXFileReference; lastKnownFileType = sourcecode.swift; path = Advanced_ButtonStyleUITestsLaunchTests.swift; sourceTree = "<group>"; };
/* End PBXFileReference section */

/* Begin PBXFrameworksBuildPhase section */
		3BB04CA827A5DC3200B2CCCF /* Frameworks */ = {
			isa = PBXFrameworksBuildPhase;
			buildActionMask = 2147483647;
			files = (
			);
			runOnlyForDeploymentPostprocessing = 0;
		};
		3BB04CB827A5DC3300B2CCCF /* Frameworks */ = {
			isa = PBXFrameworksBuildPhase;
			buildActionMask = 2147483647;
			files = (
			);
			runOnlyForDeploymentPostprocessing = 0;
		};
		3BB04CC227A5DC3300B2CCCF /* Frameworks */ = {
			isa = PBXFrameworksBuildPhase;
			buildActionMask = 2147483647;
			files = (
			);
			runOnlyForDeploymentPostprocessing = 0;
		};
/* End PBXFrameworksBuildPhase section */

/* Begin PBXGroup section */
		3BB04CA227A5DC3200B2CCCF = {
			isa = PBXGroup;
			children = (
				3BB04CAD27A5DC3200B2CCCF /* Advanced-ButtonStyle */,
				3BB04CBE27A5DC3300B2CCCF /* Advanced-ButtonStyleTests */,
				3BB04CC827A5DC3300B2CCCF /* Advanced-ButtonStyleUITests */,
				3BB04CAC27A5DC3200B2CCCF /* Products */,
			);
			sourceTree = "<group>";
		};
		3BB04CAC27A5DC3200B2CCCF /* Products */ = {
			isa = PBXGroup;
			children = (
				3BB04CAB27A5DC3200B2CCCF /* Advanced-ButtonStyle.app */,
				3BB04CBB27A5DC3300B2CCCF /* Advanced-ButtonStyleTests.xctest */,
				3BB04CC527A5DC3300B2CCCF /* Advanced-ButtonStyleUITests.xctest */,
			);
			name = Products;
			sourceTree = "<group>";
		};
		3BB04CAD27A5DC3200B2CCCF /* Advanced-ButtonStyle */ = {
			isa = PBXGroup;
			children = (
				3BB04CAE27A5DC3200B2CCCF /* Advanced_ButtonStyleApp.swift */,
				3BB04CB027A5DC3200B2CCCF /* ContentView.swift */,
				3BB04CB227A5DC3200B2CCCF /* Assets.xcassets */,
				3BB04CB427A5DC3200B2CCCF /* Preview Content */,
			);
			path = "Advanced-ButtonStyle";
			sourceTree = "<group>";
		};
		3BB04CB427A5DC3200B2CCCF /* Preview Content */ = {
			isa = PBXGroup;
			children = (
				3BB04CB527A5DC3200B2CCCF /* Preview Assets.xcassets */,
			);
			path = "Preview Content";
			sourceTree = "<group>";
		};
		3BB04CBE27A5DC3300B2CCCF /* Advanced-ButtonStyleTests */ = {
			isa = PBXGroup;
			children = (
				3BB04CBF27A5DC3300B2CCCF /* Advanced_ButtonStyleTests.swift */,
			);
			path = "Advanced-ButtonStyleTests";
			sourceTree = "<group>";
		};
		3BB04CC827A5DC3300B2CCCF /* Advanced-ButtonStyleUITests */ = {
			isa = PBXGroup;
			children = (
				3BB04CC927A5DC3300B2CCCF /* Advanced_ButtonStyleUITests.swift */,
				3BB04CCB27A5DC3300B2CCCF /* Advanced_ButtonStyleUITestsLaunchTests.swift */,
			);
			path = "Advanced-ButtonStyleUITests";
			sourceTree = "<group>";
		};
/* End PBXGroup section */

/* Begin PBXNativeTarget section */
		3BB04CAA27A5DC3200B2CCCF /* Advanced-ButtonStyle */ = {
			isa = PBXNativeTarget;
			buildConfigurationList = 3BB04CCF27A5DC3300B2CCCF /* Build configuration list for PBXNativeTarget "Advanced-ButtonStyle" */;
			buildPhases = (
				3BB04CA727A5DC3200B2CCCF /* Sources */,
				3BB04CA827A5DC3200B2CCCF /* Frameworks */,
				3BB04CA927A5DC3200B2CCCF /* Resources */,
			);
			buildRules = (
			);
			dependencies = (
			);
			name = "Advanced-ButtonStyle";
			productName = "Advanced-ButtonStyle";
			productReference = 3BB04CAB27A5DC3200B2CCCF /* Advanced-ButtonStyle.app */;
			productType = "com.apple.product-type.application";
		};
		3BB04CBA27A5DC3300B2CCCF /* Advanced-ButtonStyleTests */ = {
			isa = PBXNativeTarget;
			buildConfigurationList = 3BB04CD227A5DC3300B2CCCF /* Build configuration list for PBXNativeTarget "Advanced-ButtonStyleTests" */;
			buildPhases = (
				3BB04CB727A5DC3300B2CCCF /* Sources */,
				3BB04CB827A5DC3300B2CCCF /* Frameworks */,
				3BB04CB927A5DC3300B2CCCF /* Resources */,
			);
			buildRules = (
			);
			dependencies = (
				3BB04CBD27A5DC3300B2CCCF /* PBXTargetDependency */,
			);
			name = "Advanced-ButtonStyleTests";
			productName = "Advanced-ButtonStyleTests";
			productReference = 3BB04CBB27A5DC3300B2CCCF /* Advanced-ButtonStyleTests.xctest */;
			productType = "com.apple.product-type.bundle.unit-test";
		};
		3BB04CC427A5DC3300B2CCCF /* Advanced-ButtonStyleUITests */ = {
			isa = PBXNativeTarget;
			buildConfigurationList = 3BB04CD527A5DC3300B2CCCF /* Build configuration list for PBXNativeTarget "Advanced-ButtonStyleUITests" */;
			buildPhases = (
				3BB04CC127A5DC3300B2CCCF /* Sources */,
				3BB04CC227A5DC3300B2CCCF /* Frameworks */,
				3BB04CC327A5DC3300B2CCCF /* Resources */,
			);
			buildRules = (
			);
			dependencies = (
				3BB04CC727A5DC3300B2CCCF /* PBXTargetDependency */,
			);
			name = "Advanced-ButtonStyleUITests";
			productName = "Advanced-ButtonStyleUITests";
			productReference = 3BB04CC527A5DC3300B2CCCF /* Advanced-ButtonStyleUITests.xctest */;
			productType = "com.apple.product-type.bundle.ui-testing";
		};
/* End PBXNativeTarget section */

/* Begin PBXProject section */
		3BB04CA327A5DC3200B2CCCF /* Project object */ = {
			isa = PBXProject;
			attributes = {
				BuildIndependentTargetsInParallel = 1;
				LastSwiftUpdateCheck = 1320;
				LastUpgradeCheck = 1320;
				TargetAttributes = {
					3BB04CAA27A5DC3200B2CCCF = {
						CreatedOnToolsVersion = 13.2.1;
					};
					3BB04CBA27A5DC3300B2CCCF = {
						CreatedOnToolsVersion = 13.2.1;
						TestTargetID = 3BB04CAA27A5DC3200B2CCCF;
					};
					3BB04CC427A5DC3300B2CCCF = {
						CreatedOnToolsVersion = 13.2.1;
						TestTargetID = 3BB04CAA27A5DC3200B2CCCF;
					};
				};
			};
			buildConfigurationList = 3BB04CA627A5DC3200B2CCCF /* Build configuration list for PBXProject "Advanced-ButtonStyle" */;
			compatibilityVersion = "Xcode 13.0";
			developmentRegion = en;
			hasScannedForEncodings = 0;
			knownRegions = (
				en,
				Base,
			);
			mainGroup = 3BB04CA227A5DC3200B2CCCF;
			productRefGroup = 3BB04CAC27A5DC3200B2CCCF /* Products */;
			projectDirPath = "";
			projectRoot = "";
			targets = (
				3BB04CAA27A5DC3200B2CCCF /* Advanced-ButtonStyle */,
				3BB04CBA27A5DC3300B2CCCF /* Advanced-ButtonStyleTests */,
				3BB04CC427A5DC3300B2CCCF /* Advanced-ButtonStyleUITests */,
			);
		};
/* End PBXProject section */

/* Begin PBXResourcesBuildPhase section */
		3BB04CA927A5DC3200B2CCCF /* Resources */ = {
			isa = PBXResourcesBuildPhase;
			buildActionMask = 2147483647;
			files = (
				3BB04CB627A5DC3200B2CCCF /* Preview Assets.xcassets in Resources */,
				3BB04CB327A5DC3200B2CCCF /* Assets.xcassets in Resources */,
			);
			runOnlyForDeploymentPostprocessing = 0;
		};
		3BB04CB927A5DC3300B2CCCF /* Resources */ = {
			isa = PBXResourcesBuildPhase;
			buildActionMask = 2147483647;
			files = (
			);
			runOnlyForDeploymentPostprocessing = 0;
		};
		3BB04CC327A5DC3300B2CCCF /* Resources */ = {
			isa = PBXResourcesBuildPhase;
			buildActionMask = 2147483647;
			files = (
			);
			runOnlyForDeploymentPostprocessing = 0;
		};
/* End PBXResourcesBuildPhase section */

/* Begin PBXSourcesBuildPhase section */
		3BB04CA727A5DC3200B2CCCF /* Sources */ = {
			isa = PBXSourcesBuildPhase;
			buildActionMask = 2147483647;
			files = (
				3BB04CB127A5DC3200B2CCCF /* ContentView.swift in Sources */,
				3BB04CAF27A5DC3200B2CCCF /* Advanced_ButtonStyleApp.swift in Sources */,
			);
			runOnlyForDeploymentPostprocessing = 0;
		};
		3BB04CB727A5DC3300B2CCCF /* Sources */ = {
			isa = PBXSourcesBuildPhase;
			buildActionMask = 2147483647;
			files = (
				3BB04CC027A5DC3300B2CCCF /* Advanced_ButtonStyleTests.swift in Sources */,
			);
			runOnlyForDeploymentPostprocessing = 0;
		};
		3BB04CC127A5DC3300B2CCCF /* Sources */ = {
			isa = PBXSourcesBuildPhase;
			buildActionMask = 2147483647;
			files = (
				3BB04CCC27A5DC3300B2CCCF /* Advanced_ButtonStyleUITestsLaunchTests.swift in Sources */,
				3BB04CCA27A5DC3300B2CCCF /* Advanced_ButtonStyleUITests.swift in Sources */,
			);
			runOnlyForDeploymentPostprocessing = 0;
		};
/* End PBXSourcesBuildPhase section */

/* Begin PBXTargetDependency section */
		3BB04CBD27A5DC3300B2CCCF /* PBXTargetDependency */ = {
			isa = PBXTargetDependency;
			target = 3BB04CAA27A5DC3200B2CCCF /* Advanced-ButtonStyle */;
			targetProxy = 3BB04CBC27A5DC3300B2CCCF /* PBXContainerItemProxy */;
		};
		3BB04CC727A5DC3300B2CCCF /* PBXTargetDependency */ = {
			isa = PBXTargetDependency;
			target = 3BB04CAA27A5DC3200B2CCCF /* Advanced-ButtonStyle */;
			targetProxy = 3BB04CC627A5DC3300B2CCCF /* PBXContainerItemProxy */;
		};
/* End PBXTargetDependency section */

/* Begin XCBuildConfiguration section */
		3BB04CCD27A5DC3300B2CCCF /* Debug */ = {
			isa = XCBuildConfiguration;
			buildSettings = {
				ALWAYS_SEARCH_USER_PATHS = NO;
				CLANG_ANALYZER_NONNULL = YES;
				CLANG_ANALYZER_NUMBER_OBJECT_CONVERSION = YES_AGGRESSIVE;
				CLANG_CXX_LANGUAGE_STANDARD = "gnu++17";
				CLANG_CXX_LIBRARY = "libc++";
				CLANG_ENABLE_MODULES = YES;
				CLANG_ENABLE_OBJC_ARC = YES;
				CLANG_ENABLE_OBJC_WEAK = YES;
				CLANG_WARN_BLOCK_CAPTURE_AUTORELEASING = YES;
				CLANG_WARN_BOOL_CONVERSION = YES;
				CLANG_WARN_COMMA = YES;
				CLANG_WARN_CONSTANT_CONVERSION = YES;
				CLANG_WARN_DEPRECATED_OBJC_IMPLEMENTATIONS = YES;
				CLANG_WARN_DIRECT_OBJC_ISA_USAGE = YES_ERROR;
				CLANG_WARN_DOCUMENTATION_COMMENTS = YES;
				CLANG_WARN_EMPTY_BODY = YES;
				CLANG_WARN_ENUM_CONVERSION = YES;
				CLANG_WARN_INFINITE_RECURSION = YES;
				CLANG_WARN_INT_CONVERSION = YES;
				CLANG_WARN_NON_LITERAL_NULL_CONVERSION = YES;
				CLANG_WARN_OBJC_IMPLICIT_RETAIN_SELF = YES;
				CLANG_WARN_OBJC_LITERAL_CONVERSION = YES;
				CLANG_WARN_OBJC_ROOT_CLASS = YES_ERROR;
				CLANG_WARN_QUOTED_INCLUDE_IN_FRAMEWORK_HEADER = YES;
				CLANG_WARN_RANGE_LOOP_ANALYSIS = YES;
				CLANG_WARN_STRICT_PROTOTYPES = YES;
				CLANG_WARN_SUSPICIOUS_MOVE = YES;
				CLANG_WARN_UNGUARDED_AVAILABILITY = YES_AGGRESSIVE;
				CLANG_WARN_UNREACHABLE_CODE = YES;
				CLANG_WARN__DUPLICATE_METHOD_MATCH = YES;
				COPY_PHASE_STRIP = NO;
				DEBUG_INFORMATION_FORMAT = dwarf;
				ENABLE_STRICT_OBJC_MSGSEND = YES;
				ENABLE_TESTABILITY = YES;
				GCC_C_LANGUAGE_STANDARD = gnu11;
				GCC_DYNAMIC_NO_PIC = NO;
				GCC_NO_COMMON_BLOCKS = YES;
				GCC_OPTIMIZATION_LEVEL = 0;
				GCC_PREPROCESSOR_DEFINITIONS = (
					"DEBUG=1",
					"$(inherited)",
				);
				GCC_WARN_64_TO_32_BIT_CONVERSION = YES;
				GCC_WARN_ABOUT_RETURN_TYPE = YES_ERROR;
				GCC_WARN_UNDECLARED_SELECTOR = YES;
				GCC_WARN_UNINITIALIZED_AUTOS = YES_AGGRESSIVE;
				GCC_WARN_UNUSED_FUNCTION = YES;
				GCC_WARN_UNUSED_VARIABLE = YES;
				IPHONEOS_DEPLOYMENT_TARGET = 15.2;
				MTL_ENABLE_DEBUG_INFO = INCLUDE_SOURCE;
				MTL_FAST_MATH = YES;
				ONLY_ACTIVE_ARCH = YES;
				SDKROOT = iphoneos;
				SWIFT_ACTIVE_COMPILATION_CONDITIONS = DEBUG;
				SWIFT_OPTIMIZATION_LEVEL = "-Onone";
			};
			name = Debug;
		};
		3BB04CCE27A5DC3300B2CCCF /* Release */ = {
			isa = XCBuildConfiguration;
			buildSettings = {
				ALWAYS_SEARCH_USER_PATHS = NO;
				CLANG_ANALYZER_NONNULL = YES;
				CLANG_ANALYZER_NUMBER_OBJECT_CONVERSION = YES_AGGRESSIVE;
				CLANG_CXX_LANGUAGE_STANDARD = "gnu++17";
				CLANG_CXX_LIBRARY = "libc++";
				CLANG_ENABLE_MODULES = YES;
				CLANG_ENABLE_OBJC_ARC = YES;
				CLANG_ENABLE_OBJC_WEAK = YES;
				CLANG_WARN_BLOCK_CAPTURE_AUTORELEASING = YES;
				CLANG_WARN_BOOL_CONVERSION = YES;
				CLANG_WARN_COMMA = YES;
				CLANG_WARN_CONSTANT_CONVERSION = YES;
				CLANG_WARN_DEPRECATED_OBJC_IMPLEMENTATIONS = YES;
				CLANG_WARN_DIRECT_OBJC_ISA_USAGE = YES_ERROR;
				CLANG_WARN_DOCUMENTATION_COMMENTS = YES;
				CLANG_WARN_EMPTY_BODY = YES;
				CLANG_WARN_ENUM_CONVERSION = YES;
				CLANG_WARN_INFINITE_RECURSION = YES;
				CLANG_WARN_INT_CONVERSION = YES;
				CLANG_WARN_NON_LITERAL_NULL_CONVERSION = YES;
				CLANG_WARN_OBJC_IMPLICIT_RETAIN_SELF = YES;
				CLANG_WARN_OBJC_LITERAL_CONVERSION = YES;
				CLANG_WARN_OBJC_ROOT_CLASS = YES_ERROR;
				CLANG_WARN_QUOTED_INCLUDE_IN_FRAMEWORK_HEADER = YES;
				CLANG_WARN_RANGE_LOOP_ANALYSIS = YES;
				CLANG_WARN_STRICT_PROTOTYPES = YES;
				CLANG_WARN_SUSPICIOUS_MOVE = YES;
				CLANG_WARN_UNGUARDED_AVAILABILITY = YES_AGGRESSIVE;
				CLANG_WARN_UNREACHABLE_CODE = YES;
				CLANG_WARN__DUPLICATE_METHOD_MATCH = YES;
				COPY_PHASE_STRIP = NO;
				DEBUG_INFORMATION_FORMAT = "dwarf-with-dsym";
				ENABLE_NS_ASSERTIONS = NO;
				ENABLE_STRICT_OBJC_MSGSEND = YES;
				GCC_C_LANGUAGE_STANDARD = gnu11;
				GCC_NO_COMMON_BLOCKS = YES;
				GCC_WARN_64_TO_32_BIT_CONVERSION = YES;
				GCC_WARN_ABOUT_RETURN_TYPE = YES_ERROR;
				GCC_WARN_UNDECLARED_SELECTOR = YES;
				GCC_WARN_UNINITIALIZED_AUTOS = YES_AGGRESSIVE;
				GCC_WARN_UNUSED_FUNCTION = YES;
				GCC_WARN_UNUSED_VARIABLE = YES;
				IPHONEOS_DEPLOYMENT_TARGET = 15.2;
				MTL_ENABLE_DEBUG_INFO = NO;
				MTL_FAST_MATH = YES;
				SDKROOT = iphoneos;
				SWIFT_COMPILATION_MODE = wholemodule;
				SWIFT_OPTIMIZATION_LEVEL = "-O";
				VALIDATE_PRODUCT = YES;
			};
			name = Release;
		};
		3BB04CD027A5DC3300B2CCCF /* Debug */ = {
			isa = XCBuildConfiguration;
			buildSettings = {
				ASSETCATALOG_COMPILER_APPICON_NAME = AppIcon;
				ASSETCATALOG_COMPILER_GLOBAL_ACCENT_COLOR_NAME = AccentColor;
				CODE_SIGN_STYLE = Automatic;
				CURRENT_PROJECT_VERSION = 1;
				DEVELOPMENT_ASSET_PATHS = "\"Advanced-ButtonStyle/Preview Content\"";
				DEVELOPMENT_TEAM = 3S9YUH3JW6;
				ENABLE_PREVIEWS = YES;
				GENERATE_INFOPLIST_FILE = YES;
				INFOPLIST_KEY_UIApplicationSceneManifest_Generation = YES;
				INFOPLIST_KEY_UIApplicationSupportsIndirectInputEvents = YES;
				INFOPLIST_KEY_UILaunchScreen_Generation = YES;
				INFOPLIST_KEY_UISupportedInterfaceOrientations_iPad = "UIInterfaceOrientationPortrait UIInterfaceOrientationPortraitUpsideDown UIInterfaceOrientationLandscapeLeft UIInterfaceOrientationLandscapeRight";
				INFOPLIST_KEY_UISupportedInterfaceOrientations_iPhone = "UIInterfaceOrientationPortrait UIInterfaceOrientationLandscapeLeft UIInterfaceOrientationLandscapeRight";
				LD_RUNPATH_SEARCH_PATHS = (
					"$(inherited)",
					"@executable_path/Frameworks",
				);
				MARKETING_VERSION = 1.0;
				PRODUCT_BUNDLE_IDENTIFIER = "com.Esperdyne.Advanced-ButtonStyle";
				PRODUCT_NAME = "$(TARGET_NAME)";
				SWIFT_EMIT_LOC_STRINGS = YES;
				SWIFT_VERSION = 5.0;
				TARGETED_DEVICE_FAMILY = "1,2";
			};
			name = Debug;
		};
		3BB04CD127A5DC3300B2CCCF /* Release */ = {
			isa = XCBuildConfiguration;
			buildSettings = {
				ASSETCATALOG_COMPILER_APPICON_NAME = AppIcon;
				ASSETCATALOG_COMPILER_GLOBAL_ACCENT_COLOR_NAME = AccentColor;
				CODE_SIGN_STYLE = Automatic;
				CURRENT_PROJECT_VERSION = 1;
				DEVELOPMENT_ASSET_PATHS = "\"Advanced-ButtonStyle/Preview Content\"";
				DEVELOPMENT_TEAM = 3S9YUH3JW6;
				ENABLE_PREVIEWS = YES;
				GENERATE_INFOPLIST_FILE = YES;
				INFOPLIST_KEY_UIApplicationSceneManifest_Generation = YES;
				INFOPLIST_KEY_UIApplicationSupportsIndirectInputEvents = YES;
				INFOPLIST_KEY_UILaunchScreen_Generation = YES;
				INFOPLIST_KEY_UISupportedInterfaceOrientations_iPad = "UIInterfaceOrientationPortrait UIInterfaceOrientationPortraitUpsideDown UIInterfaceOrientationLandscapeLeft UIInterfaceOrientationLandscapeRight";
				INFOPLIST_KEY_UISupportedInterfaceOrientations_iPhone = "UIInterfaceOrientationPortrait UIInterfaceOrientationLandscapeLeft UIInterfaceOrientationLandscapeRight";
				LD_RUNPATH_SEARCH_PATHS = (
					"$(inherited)",
					"@executable_path/Frameworks",
				);
				MARKETING_VERSION = 1.0;
				PRODUCT_BUNDLE_IDENTIFIER = "com.Esperdyne.Advanced-ButtonStyle";
				PRODUCT_NAME = "$(TARGET_NAME)";
				SWIFT_EMIT_LOC_STRINGS = YES;
				SWIFT_VERSION = 5.0;
				TARGETED_DEVICE_FAMILY = "1,2";
			};
			name = Release;
		};
		3BB04CD327A5DC3300B2CCCF /* Debug */ = {
			isa = XCBuildConfiguration;
			buildSettings = {
				ALWAYS_EMBED_SWIFT_STANDARD_LIBRARIES = YES;
				BUNDLE_LOADER = "$(TEST_HOST)";
				CODE_SIGN_STYLE = Automatic;
				CURRENT_PROJECT_VERSION = 1;
				DEVELOPMENT_TEAM = 3S9YUH3JW6;
				GENERATE_INFOPLIST_FILE = YES;
				IPHONEOS_DEPLOYMENT_TARGET = 15.2;
				MARKETING_VERSION = 1.0;
				PRODUCT_BUNDLE_IDENTIFIER = "com.Esperdyne.Advanced-ButtonStyleTests";
				PRODUCT_NAME = "$(TARGET_NAME)";
				SWIFT_EMIT_LOC_STRINGS = NO;
				SWIFT_VERSION = 5.0;
				TARGETED_DEVICE_FAMILY = "1,2";
				TEST_HOST = "$(BUILT_PRODUCTS_DIR)/Advanced-ButtonStyle.app/Advanced-ButtonStyle";
			};
			name = Debug;
		};
		3BB04CD427A5DC3300B2CCCF /* Release */ = {
			isa = XCBuildConfiguration;
			buildSettings = {
				ALWAYS_EMBED_SWIFT_STANDARD_LIBRARIES = YES;
				BUNDLE_LOADER = "$(TEST_HOST)";
				CODE_SIGN_STYLE = Automatic;
				CURRENT_PROJECT_VERSION = 1;
				DEVELOPMENT_TEAM = 3S9YUH3JW6;
				GENERATE_INFOPLIST_FILE = YES;
				IPHONEOS_DEPLOYMENT_TARGET = 15.2;
				MARKETING_VERSION = 1.0;
				PRODUCT_BUNDLE_IDENTIFIER = "com.Esperdyne.Advanced-ButtonStyleTests";
				PRODUCT_NAME = "$(TARGET_NAME)";
				SWIFT_EMIT_LOC_STRINGS = NO;
				SWIFT_VERSION = 5.0;
				TARGETED_DEVICE_FAMILY = "1,2";
				TEST_HOST = "$(BUILT_PRODUCTS_DIR)/Advanced-ButtonStyle.app/Advanced-ButtonStyle";
			};
			name = Release;
		};
		3BB04CD627A5DC3300B2CCCF /* Debug */ = {
			isa = XCBuildConfiguration;
			buildSettings = {
				ALWAYS_EMBED_SWIFT_STANDARD_LIBRARIES = YES;
				CODE_SIGN_STYLE = Automatic;
				CURRENT_PROJECT_VERSION = 1;
				DEVELOPMENT_TEAM = 3S9YUH3JW6;
				GENERATE_INFOPLIST_FILE = YES;
				MARKETING_VERSION = 1.0;
				PRODUCT_BUNDLE_IDENTIFIER = "com.Esperdyne.Advanced-ButtonStyleUITests";
				PRODUCT_NAME = "$(TARGET_NAME)";
				SWIFT_EMIT_LOC_STRINGS = NO;
				SWIFT_VERSION = 5.0;
				TARGETED_DEVICE_FAMILY = "1,2";
				TEST_TARGET_NAME = "Advanced-ButtonStyle";
			};
			name = Debug;
		};
		3BB04CD727A5DC3300B2CCCF /* Release */ = {
			isa = XCBuildConfiguration;
			buildSettings = {
				ALWAYS_EMBED_SWIFT_STANDARD_LIBRARIES = YES;
				CODE_SIGN_STYLE = Automatic;
				CURRENT_PROJECT_VERSION = 1;
				DEVELOPMENT_TEAM = 3S9YUH3JW6;
				GENERATE_INFOPLIST_FILE = YES;
				MARKETING_VERSION = 1.0;
				PRODUCT_BUNDLE_IDENTIFIER = "com.Esperdyne.Advanced-ButtonStyleUITests";
				PRODUCT_NAME = "$(TARGET_NAME)";
				SWIFT_EMIT_LOC_STRINGS = NO;
				SWIFT_VERSION = 5.0;
				TARGETED_DEVICE_FAMILY = "1,2";
				TEST_TARGET_NAME = "Advanced-ButtonStyle";
			};
			name = Release;
		};
/* End XCBuildConfiguration section */

/* Begin XCConfigurationList section */
		3BB04CA627A5DC3200B2CCCF /* Build configuration list for PBXProject "Advanced-ButtonStyle" */ = {
			isa = XCConfigurationList;
			buildConfigurations = (
				3BB04CCD27A5DC3300B2CCCF /* Debug */,
				3BB04CCE27A5DC3300B2CCCF /* Release */,
			);
			defaultConfigurationIsVisible = 0;
			defaultConfigurationName = Release;
		};
		3BB04CCF27A5DC3300B2CCCF /* Build configuration list for PBXNativeTarget "Advanced-ButtonStyle" */ = {
			isa = XCConfigurationList;
			buildConfigurations = (
				3BB04CD027A5DC3300B2CCCF /* Debug */,
				3BB04CD127A5DC3300B2CCCF /* Release */,
			);
			defaultConfigurationIsVisible = 0;
			defaultConfigurationName = Release;
		};
		3BB04CD227A5DC3300B2CCCF /* Build configuration list for PBXNativeTarget "Advanced-ButtonStyleTests" */ = {
			isa = XCConfigurationList;
			buildConfigurations = (
				3BB04CD327A5DC3300B2CCCF /* Debug */,
				3BB04CD427A5DC3300B2CCCF /* Release */,
			);
			defaultConfigurationIsVisible = 0;
			defaultConfigurationName = Release;
		};
		3BB04CD527A5DC3300B2CCCF /* Build configuration list for PBXNativeTarget "Advanced-ButtonStyleUITests" */ = {
			isa = XCConfigurationList;
			buildConfigurations = (
				3BB04CD627A5DC3300B2CCCF /* Debug */,
				3BB04CD727A5DC3300B2CCCF /* Release */,
			);
			defaultConfigurationIsVisible = 0;
			defaultConfigurationName = Release;
		};
/* End XCConfigurationList section */
	};
	rootObject = 3BB04CA327A5DC3200B2CCCF /* Project object */;
}
