// !$*UTF8*$!
{
	archiveVersion = 1;
	classes = {
	};
	objectVersion = 55;
	objects = {

/* Begin PBXBuildFile section */
		3B7E2BCD2795CD0D00EB237A /* Custom_Property_WrapperApp.swift in Sources */ = {isa = PBXBuildFile; fileRef = 3B7E2BCC2795CD0D00EB237A /* Custom_Property_WrapperApp.swift */; };
		3B7E2BCF2795CD0D00EB237A /* ContentView.swift in Sources */ = {isa = PBXBuildFile; fileRef = 3B7E2BCE2795CD0D00EB237A /* ContentView.swift */; };
		3B7E2BD12795CD0E00EB237A /* Assets.xcassets in Resources */ = {isa = PBXBuildFile; fileRef = 3B7E2BD02795CD0E00EB237A /* Assets.xcassets */; };
		3B7E2BD42795CD0E00EB237A /* Preview Assets.xcassets in Resources */ = {isa = PBXBuildFile; fileRef = 3B7E2BD32795CD0E00EB237A /* Preview Assets.xcassets */; };
		3B7E2BDE2795CD0E00EB237A /* Custom_Property_WrapperTests.swift in Sources */ = {isa = PBXBuildFile; fileRef = 3B7E2BDD2795CD0E00EB237A /* Custom_Property_WrapperTests.swift */; };
		3B7E2BE82795CD0E00EB237A /* Custom_Property_WrapperUITests.swift in Sources */ = {isa = PBXBuildFile; fileRef = 3B7E2BE72795CD0E00EB237A /* Custom_Property_WrapperUITests.swift */; };
		3B7E2BEA2795CD0E00EB237A /* Custom_Property_WrapperUITestsLaunchTests.swift in Sources */ = {isa = PBXBuildFile; fileRef = 3B7E2BE92795CD0E00EB237A /* Custom_Property_WrapperUITestsLaunchTests.swift */; };
/* End PBXBuildFile section */

/* Begin PBXContainerItemProxy section */
		3B7E2BDA2795CD0E00EB237A /* PBXContainerItemProxy */ = {
			isa = PBXContainerItemProxy;
			containerPortal = 3B7E2BC12795CD0D00EB237A /* Project object */;
			proxyType = 1;
			remoteGlobalIDString = 3B7E2BC82795CD0D00EB237A;
			remoteInfo = "Custom Property Wrapper";
		};
		3B7E2BE42795CD0E00EB237A /* PBXContainerItemProxy */ = {
			isa = PBXContainerItemProxy;
			containerPortal = 3B7E2BC12795CD0D00EB237A /* Project object */;
			proxyType = 1;
			remoteGlobalIDString = 3B7E2BC82795CD0D00EB237A;
			remoteInfo = "Custom Property Wrapper";
		};
/* End PBXContainerItemProxy section */

/* Begin PBXFileReference section */
		3B7E2BC92795CD0D00EB237A /* Custom Property Wrapper.app */ = {isa = PBXFileReference; explicitFileType = wrapper.application; includeInIndex = 0; path = "Custom Property Wrapper.app"; sourceTree = BUILT_PRODUCTS_DIR; };
		3B7E2BCC2795CD0D00EB237A /* Custom_Property_WrapperApp.swift */ = {isa = PBXFileReference; lastKnownFileType = sourcecode.swift; path = Custom_Property_WrapperApp.swift; sourceTree = "<group>"; };
		3B7E2BCE2795CD0D00EB237A /* ContentView.swift */ = {isa = PBXFileReference; lastKnownFileType = sourcecode.swift; path = ContentView.swift; sourceTree = "<group>"; };
		3B7E2BD02795CD0E00EB237A /* Assets.xcassets */ = {isa = PBXFileReference; lastKnownFileType = folder.assetcatalog; path = Assets.xcassets; sourceTree = "<group>"; };
		3B7E2BD32795CD0E00EB237A /* Preview Assets.xcassets */ = {isa = PBXFileReference; lastKnownFileType = folder.assetcatalog; path = "Preview Assets.xcassets"; sourceTree = "<group>"; };
		3B7E2BD92795CD0E00EB237A /* Custom Property WrapperTests.xctest */ = {isa = PBXFileReference; explicitFileType = wrapper.cfbundle; includeInIndex = 0; path = "Custom Property WrapperTests.xctest"; sourceTree = BUILT_PRODUCTS_DIR; };
		3B7E2BDD2795CD0E00EB237A /* Custom_Property_WrapperTests.swift */ = {isa = PBXFileReference; lastKnownFileType = sourcecode.swift; path = Custom_Property_WrapperTests.swift; sourceTree = "<group>"; };
		3B7E2BE32795CD0E00EB237A /* Custom Property WrapperUITests.xctest */ = {isa = PBXFileReference; explicitFileType = wrapper.cfbundle; includeInIndex = 0; path = "Custom Property WrapperUITests.xctest"; sourceTree = BUILT_PRODUCTS_DIR; };
		3B7E2BE72795CD0E00EB237A /* Custom_Property_WrapperUITests.swift */ = {isa = PBXFileReference; lastKnownFileType = sourcecode.swift; path = Custom_Property_WrapperUITests.swift; sourceTree = "<group>"; };
		3B7E2BE92795CD0E00EB237A /* Custom_Property_WrapperUITestsLaunchTests.swift */ = {isa = PBXFileReference; lastKnownFileType = sourcecode.swift; path = Custom_Property_WrapperUITestsLaunchTests.swift; sourceTree = "<group>"; };
/* End PBXFileReference section */

/* Begin PBXFrameworksBuildPhase section */
		3B7E2BC62795CD0D00EB237A /* Frameworks */ = {
			isa = PBXFrameworksBuildPhase;
			buildActionMask = 2147483647;
			files = (
			);
			runOnlyForDeploymentPostprocessing = 0;
		};
		3B7E2BD62795CD0E00EB237A /* Frameworks */ = {
			isa = PBXFrameworksBuildPhase;
			buildActionMask = 2147483647;
			files = (
			);
			runOnlyForDeploymentPostprocessing = 0;
		};
		3B7E2BE02795CD0E00EB237A /* Frameworks */ = {
			isa = PBXFrameworksBuildPhase;
			buildActionMask = 2147483647;
			files = (
			);
			runOnlyForDeploymentPostprocessing = 0;
		};
/* End PBXFrameworksBuildPhase section */

/* Begin PBXGroup section */
		3B7E2BC02795CD0D00EB237A = {
			isa = PBXGroup;
			children = (
				3B7E2BCB2795CD0D00EB237A /* Custom Property Wrapper */,
				3B7E2BDC2795CD0E00EB237A /* Custom Property WrapperTests */,
				3B7E2BE62795CD0E00EB237A /* Custom Property WrapperUITests */,
				3B7E2BCA2795CD0D00EB237A /* Products */,
			);
			sourceTree = "<group>";
		};
		3B7E2BCA2795CD0D00EB237A /* Products */ = {
			isa = PBXGroup;
			children = (
				3B7E2BC92795CD0D00EB237A /* Custom Property Wrapper.app */,
				3B7E2BD92795CD0E00EB237A /* Custom Property WrapperTests.xctest */,
				3B7E2BE32795CD0E00EB237A /* Custom Property WrapperUITests.xctest */,
			);
			name = Products;
			sourceTree = "<group>";
		};
		3B7E2BCB2795CD0D00EB237A /* Custom Property Wrapper */ = {
			isa = PBXGroup;
			children = (
				3B7E2BCC2795CD0D00EB237A /* Custom_Property_WrapperApp.swift */,
				3B7E2BCE2795CD0D00EB237A /* ContentView.swift */,
				3B7E2BD02795CD0E00EB237A /* Assets.xcassets */,
				3B7E2BD22795CD0E00EB237A /* Preview Content */,
			);
			path = "Custom Property Wrapper";
			sourceTree = "<group>";
		};
		3B7E2BD22795CD0E00EB237A /* Preview Content */ = {
			isa = PBXGroup;
			children = (
				3B7E2BD32795CD0E00EB237A /* Preview Assets.xcassets */,
			);
			path = "Preview Content";
			sourceTree = "<group>";
		};
		3B7E2BDC2795CD0E00EB237A /* Custom Property WrapperTests */ = {
			isa = PBXGroup;
			children = (
				3B7E2BDD2795CD0E00EB237A /* Custom_Property_WrapperTests.swift */,
			);
			path = "Custom Property WrapperTests";
			sourceTree = "<group>";
		};
		3B7E2BE62795CD0E00EB237A /* Custom Property WrapperUITests */ = {
			isa = PBXGroup;
			children = (
				3B7E2BE72795CD0E00EB237A /* Custom_Property_WrapperUITests.swift */,
				3B7E2BE92795CD0E00EB237A /* Custom_Property_WrapperUITestsLaunchTests.swift */,
			);
			path = "Custom Property WrapperUITests";
			sourceTree = "<group>";
		};
/* End PBXGroup section */

/* Begin PBXNativeTarget section */
		3B7E2BC82795CD0D00EB237A /* Custom Property Wrapper */ = {
			isa = PBXNativeTarget;
			buildConfigurationList = 3B7E2BED2795CD0E00EB237A /* Build configuration list for PBXNativeTarget "Custom Property Wrapper" */;
			buildPhases = (
				3B7E2BC52795CD0D00EB237A /* Sources */,
				3B7E2BC62795CD0D00EB237A /* Frameworks */,
				3B7E2BC72795CD0D00EB237A /* Resources */,
			);
			buildRules = (
			);
			dependencies = (
			);
			name = "Custom Property Wrapper";
			productName = "Custom Property Wrapper";
			productReference = 3B7E2BC92795CD0D00EB237A /* Custom Property Wrapper.app */;
			productType = "com.apple.product-type.application";
		};
		3B7E2BD82795CD0E00EB237A /* Custom Property WrapperTests */ = {
			isa = PBXNativeTarget;
			buildConfigurationList = 3B7E2BF02795CD0E00EB237A /* Build configuration list for PBXNativeTarget "Custom Property WrapperTests" */;
			buildPhases = (
				3B7E2BD52795CD0E00EB237A /* Sources */,
				3B7E2BD62795CD0E00EB237A /* Frameworks */,
				3B7E2BD72795CD0E00EB237A /* Resources */,
			);
			buildRules = (
			);
			dependencies = (
				3B7E2BDB2795CD0E00EB237A /* PBXTargetDependency */,
			);
			name = "Custom Property WrapperTests";
			productName = "Custom Property WrapperTests";
			productReference = 3B7E2BD92795CD0E00EB237A /* Custom Property WrapperTests.xctest */;
			productType = "com.apple.product-type.bundle.unit-test";
		};
		3B7E2BE22795CD0E00EB237A /* Custom Property WrapperUITests */ = {
			isa = PBXNativeTarget;
			buildConfigurationList = 3B7E2BF32795CD0E00EB237A /* Build configuration list for PBXNativeTarget "Custom Property WrapperUITests" */;
			buildPhases = (
				3B7E2BDF2795CD0E00EB237A /* Sources */,
				3B7E2BE02795CD0E00EB237A /* Frameworks */,
				3B7E2BE12795CD0E00EB237A /* Resources */,
			);
			buildRules = (
			);
			dependencies = (
				3B7E2BE52795CD0E00EB237A /* PBXTargetDependency */,
			);
			name = "Custom Property WrapperUITests";
			productName = "Custom Property WrapperUITests";
			productReference = 3B7E2BE32795CD0E00EB237A /* Custom Property WrapperUITests.xctest */;
			productType = "com.apple.product-type.bundle.ui-testing";
		};
/* End PBXNativeTarget section */

/* Begin PBXProject section */
		3B7E2BC12795CD0D00EB237A /* Project object */ = {
			isa = PBXProject;
			attributes = {
				BuildIndependentTargetsInParallel = 1;
				LastSwiftUpdateCheck = 1320;
				LastUpgradeCheck = 1320;
				TargetAttributes = {
					3B7E2BC82795CD0D00EB237A = {
						CreatedOnToolsVersion = 13.2.1;
					};
					3B7E2BD82795CD0E00EB237A = {
						CreatedOnToolsVersion = 13.2.1;
						TestTargetID = 3B7E2BC82795CD0D00EB237A;
					};
					3B7E2BE22795CD0E00EB237A = {
						CreatedOnToolsVersion = 13.2.1;
						TestTargetID = 3B7E2BC82795CD0D00EB237A;
					};
				};
			};
			buildConfigurationList = 3B7E2BC42795CD0D00EB237A /* Build configuration list for PBXProject "Custom Property Wrapper" */;
			compatibilityVersion = "Xcode 13.0";
			developmentRegion = en;
			hasScannedForEncodings = 0;
			knownRegions = (
				en,
				Base,
			);
			mainGroup = 3B7E2BC02795CD0D00EB237A;
			productRefGroup = 3B7E2BCA2795CD0D00EB237A /* Products */;
			projectDirPath = "";
			projectRoot = "";
			targets = (
				3B7E2BC82795CD0D00EB237A /* Custom Property Wrapper */,
				3B7E2BD82795CD0E00EB237A /* Custom Property WrapperTests */,
				3B7E2BE22795CD0E00EB237A /* Custom Property WrapperUITests */,
			);
		};
/* End PBXProject section */

/* Begin PBXResourcesBuildPhase section */
		3B7E2BC72795CD0D00EB237A /* Resources */ = {
			isa = PBXResourcesBuildPhase;
			buildActionMask = 2147483647;
			files = (
				3B7E2BD42795CD0E00EB237A /* Preview Assets.xcassets in Resources */,
				3B7E2BD12795CD0E00EB237A /* Assets.xcassets in Resources */,
			);
			runOnlyForDeploymentPostprocessing = 0;
		};
		3B7E2BD72795CD0E00EB237A /* Resources */ = {
			isa = PBXResourcesBuildPhase;
			buildActionMask = 2147483647;
			files = (
			);
			runOnlyForDeploymentPostprocessing = 0;
		};
		3B7E2BE12795CD0E00EB237A /* Resources */ = {
			isa = PBXResourcesBuildPhase;
			buildActionMask = 2147483647;
			files = (
			);
			runOnlyForDeploymentPostprocessing = 0;
		};
/* End PBXResourcesBuildPhase section */

/* Begin PBXSourcesBuildPhase section */
		3B7E2BC52795CD0D00EB237A /* Sources */ = {
			isa = PBXSourcesBuildPhase;
			buildActionMask = 2147483647;
			files = (
				3B7E2BCF2795CD0D00EB237A /* ContentView.swift in Sources */,
				3B7E2BCD2795CD0D00EB237A /* Custom_Property_WrapperApp.swift in Sources */,
			);
			runOnlyForDeploymentPostprocessing = 0;
		};
		3B7E2BD52795CD0E00EB237A /* Sources */ = {
			isa = PBXSourcesBuildPhase;
			buildActionMask = 2147483647;
			files = (
				3B7E2BDE2795CD0E00EB237A /* Custom_Property_WrapperTests.swift in Sources */,
			);
			runOnlyForDeploymentPostprocessing = 0;
		};
		3B7E2BDF2795CD0E00EB237A /* Sources */ = {
			isa = PBXSourcesBuildPhase;
			buildActionMask = 2147483647;
			files = (
				3B7E2BEA2795CD0E00EB237A /* Custom_Property_WrapperUITestsLaunchTests.swift in Sources */,
				3B7E2BE82795CD0E00EB237A /* Custom_Property_WrapperUITests.swift in Sources */,
			);
			runOnlyForDeploymentPostprocessing = 0;
		};
/* End PBXSourcesBuildPhase section */

/* Begin PBXTargetDependency section */
		3B7E2BDB2795CD0E00EB237A /* PBXTargetDependency */ = {
			isa = PBXTargetDependency;
			target = 3B7E2BC82795CD0D00EB237A /* Custom Property Wrapper */;
			targetProxy = 3B7E2BDA2795CD0E00EB237A /* PBXContainerItemProxy */;
		};
		3B7E2BE52795CD0E00EB237A /* PBXTargetDependency */ = {
			isa = PBXTargetDependency;
			target = 3B7E2BC82795CD0D00EB237A /* Custom Property Wrapper */;
			targetProxy = 3B7E2BE42795CD0E00EB237A /* PBXContainerItemProxy */;
		};
/* End PBXTargetDependency section */

/* Begin XCBuildConfiguration section */
		3B7E2BEB2795CD0E00EB237A /* Debug */ = {
			isa = XCBuildConfiguration;
			buildSettings = {
				ALWAYS_SEARCH_USER_PATHS = NO;
				CLANG_ANALYZER_NONNULL = YES;
				CLANG_ANALYZER_NUMBER_OBJECT_CONVERSION = YES_AGGRESSIVE;
				CLANG_CXX_LANGUAGE_STANDARD = "gnu++17";
				CLANG_CXX_LIBRARY = "libc++";
				CLANG_ENABLE_MODULES = YES;
				CLANG_ENABLE_OBJC_ARC = YES;
				CLANG_ENABLE_OBJC_WEAK = YES;
				CLANG_WARN_BLOCK_CAPTURE_AUTORELEASING = YES;
				CLANG_WARN_BOOL_CONVERSION = YES;
				CLANG_WARN_COMMA = YES;
				CLANG_WARN_CONSTANT_CONVERSION = YES;
				CLANG_WARN_DEPRECATED_OBJC_IMPLEMENTATIONS = YES;
				CLANG_WARN_DIRECT_OBJC_ISA_USAGE = YES_ERROR;
				CLANG_WARN_DOCUMENTATION_COMMENTS = YES;
				CLANG_WARN_EMPTY_BODY = YES;
				CLANG_WARN_ENUM_CONVERSION = YES;
				CLANG_WARN_INFINITE_RECURSION = YES;
				CLANG_WARN_INT_CONVERSION = YES;
				CLANG_WARN_NON_LITERAL_NULL_CONVERSION = YES;
				CLANG_WARN_OBJC_IMPLICIT_RETAIN_SELF = YES;
				CLANG_WARN_OBJC_LITERAL_CONVERSION = YES;
				CLANG_WARN_OBJC_ROOT_CLASS = YES_ERROR;
				CLANG_WARN_QUOTED_INCLUDE_IN_FRAMEWORK_HEADER = YES;
				CLANG_WARN_RANGE_LOOP_ANALYSIS = YES;
				CLANG_WARN_STRICT_PROTOTYPES = YES;
				CLANG_WARN_SUSPICIOUS_MOVE = YES;
				CLANG_WARN_UNGUARDED_AVAILABILITY = YES_AGGRESSIVE;
				CLANG_WARN_UNREACHABLE_CODE = YES;
				CLANG_WARN__DUPLICATE_METHOD_MATCH = YES;
				COPY_PHASE_STRIP = NO;
				DEBUG_INFORMATION_FORMAT = dwarf;
				ENABLE_STRICT_OBJC_MSGSEND = YES;
				ENABLE_TESTABILITY = YES;
				GCC_C_LANGUAGE_STANDARD = gnu11;
				GCC_DYNAMIC_NO_PIC = NO;
				GCC_NO_COMMON_BLOCKS = YES;
				GCC_OPTIMIZATION_LEVEL = 0;
				GCC_PREPROCESSOR_DEFINITIONS = (
					"DEBUG=1",
					"$(inherited)",
				);
				GCC_WARN_64_TO_32_BIT_CONVERSION = YES;
				GCC_WARN_ABOUT_RETURN_TYPE = YES_ERROR;
				GCC_WARN_UNDECLARED_SELECTOR = YES;
				GCC_WARN_UNINITIALIZED_AUTOS = YES_AGGRESSIVE;
				GCC_WARN_UNUSED_FUNCTION = YES;
				GCC_WARN_UNUSED_VARIABLE = YES;
				IPHONEOS_DEPLOYMENT_TARGET = 15.2;
				MTL_ENABLE_DEBUG_INFO = INCLUDE_SOURCE;
				MTL_FAST_MATH = YES;
				ONLY_ACTIVE_ARCH = YES;
				SDKROOT = iphoneos;
				SWIFT_ACTIVE_COMPILATION_CONDITIONS = DEBUG;
				SWIFT_OPTIMIZATION_LEVEL = "-Onone";
			};
			name = Debug;
		};
		3B7E2BEC2795CD0E00EB237A /* Release */ = {
			isa = XCBuildConfiguration;
			buildSettings = {
				ALWAYS_SEARCH_USER_PATHS = NO;
				CLANG_ANALYZER_NONNULL = YES;
				CLANG_ANALYZER_NUMBER_OBJECT_CONVERSION = YES_AGGRESSIVE;
				CLANG_CXX_LANGUAGE_STANDARD = "gnu++17";
				CLANG_CXX_LIBRARY = "libc++";
				CLANG_ENABLE_MODULES = YES;
				CLANG_ENABLE_OBJC_ARC = YES;
				CLANG_ENABLE_OBJC_WEAK = YES;
				CLANG_WARN_BLOCK_CAPTURE_AUTORELEASING = YES;
				CLANG_WARN_BOOL_CONVERSION = YES;
				CLANG_WARN_COMMA = YES;
				CLANG_WARN_CONSTANT_CONVERSION = YES;
				CLANG_WARN_DEPRECATED_OBJC_IMPLEMENTATIONS = YES;
				CLANG_WARN_DIRECT_OBJC_ISA_USAGE = YES_ERROR;
				CLANG_WARN_DOCUMENTATION_COMMENTS = YES;
				CLANG_WARN_EMPTY_BODY = YES;
				CLANG_WARN_ENUM_CONVERSION = YES;
				CLANG_WARN_INFINITE_RECURSION = YES;
				CLANG_WARN_INT_CONVERSION = YES;
				CLANG_WARN_NON_LITERAL_NULL_CONVERSION = YES;
				CLANG_WARN_OBJC_IMPLICIT_RETAIN_SELF = YES;
				CLANG_WARN_OBJC_LITERAL_CONVERSION = YES;
				CLANG_WARN_OBJC_ROOT_CLASS = YES_ERROR;
				CLANG_WARN_QUOTED_INCLUDE_IN_FRAMEWORK_HEADER = YES;
				CLANG_WARN_RANGE_LOOP_ANALYSIS = YES;
				CLANG_WARN_STRICT_PROTOTYPES = YES;
				CLANG_WARN_SUSPICIOUS_MOVE = YES;
				CLANG_WARN_UNGUARDED_AVAILABILITY = YES_AGGRESSIVE;
				CLANG_WARN_UNREACHABLE_CODE = YES;
				CLANG_WARN__DUPLICATE_METHOD_MATCH = YES;
				COPY_PHASE_STRIP = NO;
				DEBUG_INFORMATION_FORMAT = "dwarf-with-dsym";
				ENABLE_NS_ASSERTIONS = NO;
				ENABLE_STRICT_OBJC_MSGSEND = YES;
				GCC_C_LANGUAGE_STANDARD = gnu11;
				GCC_NO_COMMON_BLOCKS = YES;
				GCC_WARN_64_TO_32_BIT_CONVERSION = YES;
				GCC_WARN_ABOUT_RETURN_TYPE = YES_ERROR;
				GCC_WARN_UNDECLARED_SELECTOR = YES;
				GCC_WARN_UNINITIALIZED_AUTOS = YES_AGGRESSIVE;
				GCC_WARN_UNUSED_FUNCTION = YES;
				GCC_WARN_UNUSED_VARIABLE = YES;
				IPHONEOS_DEPLOYMENT_TARGET = 15.2;
				MTL_ENABLE_DEBUG_INFO = NO;
				MTL_FAST_MATH = YES;
				SDKROOT = iphoneos;
				SWIFT_COMPILATION_MODE = wholemodule;
				SWIFT_OPTIMIZATION_LEVEL = "-O";
				VALIDATE_PRODUCT = YES;
			};
			name = Release;
		};
		3B7E2BEE2795CD0E00EB237A /* Debug */ = {
			isa = XCBuildConfiguration;
			buildSettings = {
				ASSETCATALOG_COMPILER_APPICON_NAME = AppIcon;
				ASSETCATALOG_COMPILER_GLOBAL_ACCENT_COLOR_NAME = AccentColor;
				CODE_SIGN_STYLE = Automatic;
				CURRENT_PROJECT_VERSION = 1;
				DEVELOPMENT_ASSET_PATHS = "\"Custom Property Wrapper/Preview Content\"";
				DEVELOPMENT_TEAM = 3S9YUH3JW6;
				ENABLE_PREVIEWS = YES;
				GENERATE_INFOPLIST_FILE = YES;
				INFOPLIST_KEY_UIApplicationSceneManifest_Generation = YES;
				INFOPLIST_KEY_UIApplicationSupportsIndirectInputEvents = YES;
				INFOPLIST_KEY_UILaunchScreen_Generation = YES;
				INFOPLIST_KEY_UISupportedInterfaceOrientations_iPad = "UIInterfaceOrientationPortrait UIInterfaceOrientationPortraitUpsideDown UIInterfaceOrientationLandscapeLeft UIInterfaceOrientationLandscapeRight";
				INFOPLIST_KEY_UISupportedInterfaceOrientations_iPhone = "UIInterfaceOrientationPortrait UIInterfaceOrientationLandscapeLeft UIInterfaceOrientationLandscapeRight";
				LD_RUNPATH_SEARCH_PATHS = (
					"$(inherited)",
					"@executable_path/Frameworks",
				);
				MARKETING_VERSION = 1.0;
				PRODUCT_BUNDLE_IDENTIFIER = "com.Esperdyne.Custom-Property-Wrapper";
				PRODUCT_NAME = "$(TARGET_NAME)";
				SWIFT_EMIT_LOC_STRINGS = YES;
				SWIFT_VERSION = 5.0;
				TARGETED_DEVICE_FAMILY = "1,2";
			};
			name = Debug;
		};
		3B7E2BEF2795CD0E00EB237A /* Release */ = {
			isa = XCBuildConfiguration;
			buildSettings = {
				ASSETCATALOG_COMPILER_APPICON_NAME = AppIcon;
				ASSETCATALOG_COMPILER_GLOBAL_ACCENT_COLOR_NAME = AccentColor;
				CODE_SIGN_STYLE = Automatic;
				CURRENT_PROJECT_VERSION = 1;
				DEVELOPMENT_ASSET_PATHS = "\"Custom Property Wrapper/Preview Content\"";
				DEVELOPMENT_TEAM = 3S9YUH3JW6;
				ENABLE_PREVIEWS = YES;
				GENERATE_INFOPLIST_FILE = YES;
				INFOPLIST_KEY_UIApplicationSceneManifest_Generation = YES;
				INFOPLIST_KEY_UIApplicationSupportsIndirectInputEvents = YES;
				INFOPLIST_KEY_UILaunchScreen_Generation = YES;
				INFOPLIST_KEY_UISupportedInterfaceOrientations_iPad = "UIInterfaceOrientationPortrait UIInterfaceOrientationPortraitUpsideDown UIInterfaceOrientationLandscapeLeft UIInterfaceOrientationLandscapeRight";
				INFOPLIST_KEY_UISupportedInterfaceOrientations_iPhone = "UIInterfaceOrientationPortrait UIInterfaceOrientationLandscapeLeft UIInterfaceOrientationLandscapeRight";
				LD_RUNPATH_SEARCH_PATHS = (
					"$(inherited)",
					"@executable_path/Frameworks",
				);
				MARKETING_VERSION = 1.0;
				PRODUCT_BUNDLE_IDENTIFIER = "com.Esperdyne.Custom-Property-Wrapper";
				PRODUCT_NAME = "$(TARGET_NAME)";
				SWIFT_EMIT_LOC_STRINGS = YES;
				SWIFT_VERSION = 5.0;
				TARGETED_DEVICE_FAMILY = "1,2";
			};
			name = Release;
		};
		3B7E2BF12795CD0E00EB237A /* Debug */ = {
			isa = XCBuildConfiguration;
			buildSettings = {
				ALWAYS_EMBED_SWIFT_STANDARD_LIBRARIES = YES;
				BUNDLE_LOADER = "$(TEST_HOST)";
				CODE_SIGN_STYLE = Automatic;
				CURRENT_PROJECT_VERSION = 1;
				DEVELOPMENT_TEAM = 3S9YUH3JW6;
				GENERATE_INFOPLIST_FILE = YES;
				IPHONEOS_DEPLOYMENT_TARGET = 15.2;
				MARKETING_VERSION = 1.0;
				PRODUCT_BUNDLE_IDENTIFIER = "com.Esperdyne.Custom-Property-WrapperTests";
				PRODUCT_NAME = "$(TARGET_NAME)";
				SWIFT_EMIT_LOC_STRINGS = NO;
				SWIFT_VERSION = 5.0;
				TARGETED_DEVICE_FAMILY = "1,2";
				TEST_HOST = "$(BUILT_PRODUCTS_DIR)/Custom Property Wrapper.app/Custom Property Wrapper";
			};
			name = Debug;
		};
		3B7E2BF22795CD0E00EB237A /* Release */ = {
			isa = XCBuildConfiguration;
			buildSettings = {
				ALWAYS_EMBED_SWIFT_STANDARD_LIBRARIES = YES;
				BUNDLE_LOADER = "$(TEST_HOST)";
				CODE_SIGN_STYLE = Automatic;
				CURRENT_PROJECT_VERSION = 1;
				DEVELOPMENT_TEAM = 3S9YUH3JW6;
				GENERATE_INFOPLIST_FILE = YES;
				IPHONEOS_DEPLOYMENT_TARGET = 15.2;
				MARKETING_VERSION = 1.0;
				PRODUCT_BUNDLE_IDENTIFIER = "com.Esperdyne.Custom-Property-WrapperTests";
				PRODUCT_NAME = "$(TARGET_NAME)";
				SWIFT_EMIT_LOC_STRINGS = NO;
				SWIFT_VERSION = 5.0;
				TARGETED_DEVICE_FAMILY = "1,2";
				TEST_HOST = "$(BUILT_PRODUCTS_DIR)/Custom Property Wrapper.app/Custom Property Wrapper";
			};
			name = Release;
		};
		3B7E2BF42795CD0E00EB237A /* Debug */ = {
			isa = XCBuildConfiguration;
			buildSettings = {
				ALWAYS_EMBED_SWIFT_STANDARD_LIBRARIES = YES;
				CODE_SIGN_STYLE = Automatic;
				CURRENT_PROJECT_VERSION = 1;
				DEVELOPMENT_TEAM = 3S9YUH3JW6;
				GENERATE_INFOPLIST_FILE = YES;
				MARKETING_VERSION = 1.0;
				PRODUCT_BUNDLE_IDENTIFIER = "com.Esperdyne.Custom-Property-WrapperUITests";
				PRODUCT_NAME = "$(TARGET_NAME)";
				SWIFT_EMIT_LOC_STRINGS = NO;
				SWIFT_VERSION = 5.0;
				TARGETED_DEVICE_FAMILY = "1,2";
				TEST_TARGET_NAME = "Custom Property Wrapper";
			};
			name = Debug;
		};
		3B7E2BF52795CD0E00EB237A /* Release */ = {
			isa = XCBuildConfiguration;
			buildSettings = {
				ALWAYS_EMBED_SWIFT_STANDARD_LIBRARIES = YES;
				CODE_SIGN_STYLE = Automatic;
				CURRENT_PROJECT_VERSION = 1;
				DEVELOPMENT_TEAM = 3S9YUH3JW6;
				GENERATE_INFOPLIST_FILE = YES;
				MARKETING_VERSION = 1.0;
				PRODUCT_BUNDLE_IDENTIFIER = "com.Esperdyne.Custom-Property-WrapperUITests";
				PRODUCT_NAME = "$(TARGET_NAME)";
				SWIFT_EMIT_LOC_STRINGS = NO;
				SWIFT_VERSION = 5.0;
				TARGETED_DEVICE_FAMILY = "1,2";
				TEST_TARGET_NAME = "Custom Property Wrapper";
			};
			name = Release;
		};
/* End XCBuildConfiguration section */

/* Begin XCConfigurationList section */
		3B7E2BC42795CD0D00EB237A /* Build configuration list for PBXProject "Custom Property Wrapper" */ = {
			isa = XCConfigurationList;
			buildConfigurations = (
				3B7E2BEB2795CD0E00EB237A /* Debug */,
				3B7E2BEC2795CD0E00EB237A /* Release */,
			);
			defaultConfigurationIsVisible = 0;
			defaultConfigurationName = Release;
		};
		3B7E2BED2795CD0E00EB237A /* Build configuration list for PBXNativeTarget "Custom Property Wrapper" */ = {
			isa = XCConfigurationList;
			buildConfigurations = (
				3B7E2BEE2795CD0E00EB237A /* Debug */,
				3B7E2BEF2795CD0E00EB237A /* Release */,
			);
			defaultConfigurationIsVisible = 0;
			defaultConfigurationName = Release;
		};
		3B7E2BF02795CD0E00EB237A /* Build configuration list for PBXNativeTarget "Custom Property WrapperTests" */ = {
			isa = XCConfigurationList;
			buildConfigurations = (
				3B7E2BF12795CD0E00EB237A /* Debug */,
				3B7E2BF22795CD0E00EB237A /* Release */,
			);
			defaultConfigurationIsVisible = 0;
			defaultConfigurationName = Release;
		};
		3B7E2BF32795CD0E00EB237A /* Build configuration list for PBXNativeTarget "Custom Property WrapperUITests" */ = {
			isa = XCConfigurationList;
			buildConfigurations = (
				3B7E2BF42795CD0E00EB237A /* Debug */,
				3B7E2BF52795CD0E00EB237A /* Release */,
			);
			defaultConfigurationIsVisible = 0;
			defaultConfigurationName = Release;
		};
/* End XCConfigurationList section */
	};
	rootObject = 3B7E2BC12795CD0D00EB237A /* Project object */;
}
